PODS:
  - Nimble (3.0.0)
  - Quick (0.8.0)

DEPENDENCIES:
  - Nimble (~> 3.0.0)
  - Quick (~> 0.8.0)

SPEC CHECKSUMS:
  Nimble: 4c353d43735b38b545cbb4cb91504588eb5de926
  Quick: 563d0f6ec5f72e394645adb377708639b7dd38ab

PODFILE CHECKSUM: fc5adaba698a17f48b0f915d9f17dd77daf10288

COCOAPODS: 1.0.0.beta.3
