PODS:
  - Nimble (5.0.0-alpha.30p1)
  - Quick (0.9.3)

DEPENDENCIES:
  - Nimble (from `https://github.com/Quick/Nimble.git`, commit `db706fc`)
  - Quick

EXTERNAL SOURCES:
  Nimble:
    :commit: db706fc
    :git: https://github.com/Quick/Nimble.git

CHECKOUT OPTIONS:
  Nimble:
    :commit: db706fc
    :git: https://github.com/Quick/Nimble.git

SPEC CHECKSUMS:
  Nimble: c5b995b4cd57789ec44b0cfb79640fc00e61a8c7
  Quick: 13a2a2b19a5d8e3ed4fd0c36ee46597fd77ebf71

PODFILE CHECKSUM: e59b02a95bc85551f2c601349f0ec1fe2644dbb3

COCOAPODS: 1.1.0.rc.2
